<Solution>
  <Folder Name="/src/">
    <Project Path="src/codex.fs/codex.fs.fsproj" />
    <Project Path="src/codex.fs.cli/codex.fs.cli.fsproj" />
    <Project Path="src/codex.fs.host/codex.fs.host.fsproj" />
    <Project Path="src/codex.fs.host.tool/codex.fs.host.tool.fsproj" />
    <Project Path="src/codex.fs.ptcs/codex.fs.ptcs.fsproj" />
  </Folder>
  <Folder Name="/tests/">
    <Project Path="tests/codex.fs.Tests/codex.fs.Tests.fsproj" />
  </Folder>
</Solution>
